
Microsoft Visual Studio Solution File, Format Version 12.00
# Visual Studio Version 17
VisualStudioVersion = 17.9.34701.34
MinimumVisualStudioVersion = 10.0.40219.1
Project("{9A19103F-16F7-4668-BE54-9A1E7A4F7556}") = "WebApplication1", "WebApplication1\WebApplication1.csproj", "{D0506642-A7C4-4DCA-96BC-76F11750FEF7}"
EndProject
Project("{9A19103F-16F7-4668-BE54-9A1E7A4F7556}") = "Repository", "Repository\Repository.csproj", "{64E9A9C0-854C-4C99-AD8F-ECA08B47EF79}"
EndProject
Project("{9A19103F-16F7-4668-BE54-9A1E7A4F7556}") = "RSA_Encrpyt", "RSA_Encrpyt\RSA_Encrpyt.csproj", "{0FB777F2-5461-4277-B306-1BF46F287DAA}"
EndProject
Project("{00D1A9C2-B5F0-4AF3-8072-F6C62B433612}") = "Database_DAN3", "Database_DAN3\Database_DAN3.sqlproj", "{92AD85E4-A1CC-43A1-A2EA-8C44ED7851DD}"
EndProject
Global
	GlobalSection(SolutionConfigurationPlatforms) = preSolution
		Debug|Any CPU = Debug|Any CPU
		Release|Any CPU = Release|Any CPU
	EndGlobalSection
	GlobalSection(ProjectConfigurationPlatforms) = postSolution
		{D0506642-A7C4-4DCA-96BC-76F11750FEF7}.Debug|Any CPU.ActiveCfg = Debug|Any CPU
		{D0506642-A7C4-4DCA-96BC-76F11750FEF7}.Debug|Any CPU.Build.0 = Debug|Any CPU
		{D0506642-A7C4-4DCA-96BC-76F11750FEF7}.Release|Any CPU.ActiveCfg = Release|Any CPU
		{D0506642-A7C4-4DCA-96BC-76F11750FEF7}.Release|Any CPU.Build.0 = Release|Any CPU
		{64E9A9C0-854C-4C99-AD8F-ECA08B47EF79}.Debug|Any CPU.ActiveCfg = Debug|Any CPU
		{64E9A9C0-854C-4C99-AD8F-ECA08B47EF79}.Debug|Any CPU.Build.0 = Debug|Any CPU
		{64E9A9C0-854C-4C99-AD8F-ECA08B47EF79}.Release|Any CPU.ActiveCfg = Release|Any CPU
		{64E9A9C0-854C-4C99-AD8F-ECA08B47EF79}.Release|Any CPU.Build.0 = Release|Any CPU
		{0FB777F2-5461-4277-B306-1BF46F287DAA}.Debug|Any CPU.ActiveCfg = Debug|Any CPU
		{0FB777F2-5461-4277-B306-1BF46F287DAA}.Debug|Any CPU.Build.0 = Debug|Any CPU
		{0FB777F2-5461-4277-B306-1BF46F287DAA}.Release|Any CPU.ActiveCfg = Release|Any CPU
		{0FB777F2-5461-4277-B306-1BF46F287DAA}.Release|Any CPU.Build.0 = Release|Any CPU
		{92AD85E4-A1CC-43A1-A2EA-8C44ED7851DD}.Debug|Any CPU.ActiveCfg = Debug|Any CPU
		{92AD85E4-A1CC-43A1-A2EA-8C44ED7851DD}.Debug|Any CPU.Build.0 = Debug|Any CPU
		{92AD85E4-A1CC-43A1-A2EA-8C44ED7851DD}.Debug|Any CPU.Deploy.0 = Debug|Any CPU
		{92AD85E4-A1CC-43A1-A2EA-8C44ED7851DD}.Release|Any CPU.ActiveCfg = Release|Any CPU
		{92AD85E4-A1CC-43A1-A2EA-8C44ED7851DD}.Release|Any CPU.Build.0 = Release|Any CPU
		{92AD85E4-A1CC-43A1-A2EA-8C44ED7851DD}.Release|Any CPU.Deploy.0 = Release|Any CPU
	EndGlobalSection
	GlobalSection(SolutionProperties) = preSolution
		HideSolutionNode = FALSE
	EndGlobalSection
	GlobalSection(ExtensibilityGlobals) = postSolution
		SolutionGuid = {C439CF2C-937D-4156-951A-927E60F03D7D}
	EndGlobalSection
EndGlobal
